
Microsoft Visual Studio Solution File, Format Version 12.00
# Visual Studio 2013
VisualStudioVersion = 12.0.0.0
Project("{FAE04EC0-301F-11D3-BF4B-00C04F79EFBC}") = "exercise1", "CSharp\exercise1\exercise1\exercise1.csproj", "{F58DC229-07CE-4F8F-B915-2D9EA6E57A64}"
EndProject
Project("{FAE04EC0-301F-11D3-BF4B-00C04F79EFBC}") = "exercise2", "exercise2\exercise2.csproj", "{952C8F91-47F7-4A12-B72C-96B3C2786BCE}"
EndProject
Project("{FAE04EC0-301F-11D3-BF4B-00C04F79EFBC}") = "exercise3", "CSharp\exercise3\exercise3.csproj", "{E6B3ECF3-9209-407D-90EC-CE3F64C9B4A6}"
EndProject
Global
	GlobalSection(ProjectConfigurationPlatforms) = postSolution
		{F58DC229-07CE-4F8F-B915-2D9EA6E57A64}.Debug|Any CPU.ActiveCfg = Debug|Any CPU
		{F58DC229-07CE-4F8F-B915-2D9EA6E57A64}.Debug|Any CPU.Build.0 = Debug|Any CPU
		{F58DC229-07CE-4F8F-B915-2D9EA6E57A64}.Release|Any CPU.ActiveCfg = Release|Any CPU
		{F58DC229-07CE-4F8F-B915-2D9EA6E57A64}.Release|Any CPU.Build.0 = Release|Any CPU
		{952C8F91-47F7-4A12-B72C-96B3C2786BCE}.Debug|Any CPU.ActiveCfg = Debug|Any CPU
		{952C8F91-47F7-4A12-B72C-96B3C2786BCE}.Debug|Any CPU.Build.0 = Debug|Any CPU
		{952C8F91-47F7-4A12-B72C-96B3C2786BCE}.Release|Any CPU.ActiveCfg = Release|Any CPU
		{952C8F91-47F7-4A12-B72C-96B3C2786BCE}.Release|Any CPU.Build.0 = Release|Any CPU
		{E6B3ECF3-9209-407D-90EC-CE3F64C9B4A6}.Debug|Any CPU.ActiveCfg = Debug|Any CPU
		{E6B3ECF3-9209-407D-90EC-CE3F64C9B4A6}.Debug|Any CPU.Build.0 = Debug|Any CPU
		{E6B3ECF3-9209-407D-90EC-CE3F64C9B4A6}.Release|Any CPU.ActiveCfg = Release|Any CPU
		{E6B3ECF3-9209-407D-90EC-CE3F64C9B4A6}.Release|Any CPU.Build.0 = Release|Any CPU
	EndGlobalSection
	GlobalSection(SolutionConfigurationPlatforms) = preSolution
		Debug|Any CPU = Debug|Any CPU
		Release|Any CPU = Release|Any CPU
	EndGlobalSection
EndGlobal
