
Microsoft Visual Studio Solution File, Format Version 12.00
# Visual Studio 15
VisualStudioVersion = 15.0.28307.421
MinimumVisualStudioVersion = 10.0.40219.1
Project("{FAE04EC0-301F-11D3-BF4B-00C04F79EFBC}") = "exercise2", "exercise2.csproj", "{3BA039C1-E8AF-4D9E-BCDE-FEE57D782C0A}"
EndProject
Global
	GlobalSection(SolutionConfigurationPlatforms) = preSolution
		Debug|Any CPU = Debug|Any CPU
		Release|Any CPU = Release|Any CPU
	EndGlobalSection
	GlobalSection(ProjectConfigurationPlatforms) = postSolution
		{3BA039C1-E8AF-4D9E-BCDE-FEE57D782C0A}.Debug|Any CPU.ActiveCfg = Debug|Any CPU
		{3BA039C1-E8AF-4D9E-BCDE-FEE57D782C0A}.Debug|Any CPU.Build.0 = Debug|Any CPU
		{3BA039C1-E8AF-4D9E-BCDE-FEE57D782C0A}.Release|Any CPU.ActiveCfg = Release|Any CPU
		{3BA039C1-E8AF-4D9E-BCDE-FEE57D782C0A}.Release|Any CPU.Build.0 = Release|Any CPU
	EndGlobalSection
	GlobalSection(SolutionProperties) = preSolution
		HideSolutionNode = FALSE
	EndGlobalSection
	GlobalSection(ExtensibilityGlobals) = postSolution
		SolutionGuid = {BDDD4ABB-3FC1-412C-AAEC-DC1A9E5A40A3}
	EndGlobalSection
EndGlobal
